{
  "name": "mk-magic-alerts",
  "version": "0.0.1",
  "lockfileVersion": 3,
  "requires": true,
  "packages": {
    "": {
      "name": "mk-magic-alerts",
      "version": "0.0.1",
      "dependencies": {
        "tslib": "^2.3.0"
      },
      "devDependencies": {
        "ngx-spec": "^2.1.5"
      },
      "peerDependencies": {
        "@angular/animations": "^14.2.11",
        "@angular/cdk": "^14.2.7",
        "@angular/common": "^14.2.11",
        "@angular/core": "^14.2.11",
        "@angular/forms": "^14.2.11",
        "@angular/material": "^14.2.7"
      }
    },
    "node_modules/@angular/animations": {
      "version": "14.2.12",
      "resolved": "https://registry.npmjs.org/@angular/animations/-/animations-14.2.12.tgz",
      "integrity": "sha512-gwdnFZkvVUr+enUNfhfCGRGGqNHn1+vTA81apLfHYhJxgjiLUtETc4KTOrQevtDm022pEd+LSrvr8r+7ag+jkw==",
      "peer": true,
      "dependencies": {
        "tslib": "^2.3.0"
      },
      "engines": {
        "node": "^14.15.0 || >=16.10.0"
      },
      "peerDependencies": {
        "@angular/core": "14.2.12"
      }
    },
    "node_modules/@angular/cdk": {
      "version": "14.2.7",
      "resolved": "https://registry.npmjs.org/@angular/cdk/-/cdk-14.2.7.tgz",
      "integrity": "sha512-/tEsYaUbDSnfEmKVvAMramIptmhI67O+9STjOV0i+74XR2NospeK0fkbywIANu1n3w6AHGMotvRWJrjmbCElFg==",
      "peer": true,
      "dependencies": {
        "tslib": "^2.3.0"
      },
      "optionalDependencies": {
        "parse5": "^5.0.0"
      },
      "peerDependencies": {
        "@angular/common": "^14.0.0 || ^15.0.0",
        "@angular/core": "^14.0.0 || ^15.0.0",
        "rxjs": "^6.5.3 || ^7.4.0"
      }
    },
    "node_modules/@angular/common": {
      "version": "14.2.12",
      "resolved": "https://registry.npmjs.org/@angular/common/-/common-14.2.12.tgz",
      "integrity": "sha512-oZunh9wfInFWhNO1P8uoEs/o4u8kerKMhw8GruywKm1TV7gHDP2Fi5WHGjFqq3XYptgBTPCTSEfyLX6Cwq1PUw==",
      "peer": true,
      "dependencies": {
        "tslib": "^2.3.0"
      },
      "engines": {
        "node": "^14.15.0 || >=16.10.0"
      },
      "peerDependencies": {
        "@angular/core": "14.2.12",
        "rxjs": "^6.5.3 || ^7.4.0"
      }
    },
    "node_modules/@angular/core": {
      "version": "14.2.12",
      "resolved": "https://registry.npmjs.org/@angular/core/-/core-14.2.12.tgz",
      "integrity": "sha512-sGQxU5u4uawwvJa6jOTmGoisJiQ5HIN/RoBw99CmoqZIVyUSg9IRJJC1KVdH8gbpWBNLkElZv21lwJTL/msWyg==",
      "peer": true,
      "dependencies": {
        "tslib": "^2.3.0"
      },
      "engines": {
        "node": "^14.15.0 || >=16.10.0"
      },
      "peerDependencies": {
        "rxjs": "^6.5.3 || ^7.4.0",
        "zone.js": "~0.11.4 || ~0.12.0"
      }
    },
    "node_modules/@angular/forms": {
      "version": "14.2.12",
      "resolved": "https://registry.npmjs.org/@angular/forms/-/forms-14.2.12.tgz",
      "integrity": "sha512-7abYlGIT2JnAtutQUlH3fQS6QEpbfftgvsVcZJCyvX0rXL3u2w2vUQkDHJH4YJJp3AHFVCH4/l7R4VcaPnrwvA==",
      "peer": true,
      "dependencies": {
        "tslib": "^2.3.0"
      },
      "engines": {
        "node": "^14.15.0 || >=16.10.0"
      },
      "peerDependencies": {
        "@angular/common": "14.2.12",
        "@angular/core": "14.2.12",
        "@angular/platform-browser": "14.2.12",
        "rxjs": "^6.5.3 || ^7.4.0"
      }
    },
    "node_modules/@angular/material": {
      "version": "14.2.7",
      "resolved": "https://registry.npmjs.org/@angular/material/-/material-14.2.7.tgz",
      "integrity": "sha512-WXHh8pEStpgkXZJmYOg2cI8BSHkV82ET4XTJCNPdveumaCn1UYnaNzsXD13kw5z+zmy8CufhFEzdXTrv/yt7KQ==",
      "peer": true,
      "dependencies": {
        "tslib": "^2.3.0"
      },
      "peerDependencies": {
        "@angular/animations": "^14.0.0 || ^15.0.0",
        "@angular/cdk": "14.2.7",
        "@angular/common": "^14.0.0 || ^15.0.0",
        "@angular/core": "^14.0.0 || ^15.0.0",
        "@angular/forms": "^14.0.0 || ^15.0.0",
        "@angular/platform-browser": "^14.0.0 || ^15.0.0",
        "rxjs": "^6.5.3 || ^7.4.0"
      }
    },
    "node_modules/@angular/platform-browser": {
      "version": "14.2.12",
      "resolved": "https://registry.npmjs.org/@angular/platform-browser/-/platform-browser-14.2.12.tgz",
      "integrity": "sha512-vOarWym8ucl1gjYWCzdwyBha+MTvL381mvTTUu8aUx6nVhHFjv4bvpjlZnZgojecqUPyxOwmPLLHvCZPJVHZYg==",
      "peer": true,
      "dependencies": {
        "tslib": "^2.3.0"
      },
      "engines": {
        "node": "^14.15.0 || >=16.10.0"
      },
      "peerDependencies": {
        "@angular/animations": "14.2.12",
        "@angular/common": "14.2.12",
        "@angular/core": "14.2.12"
      },
      "peerDependenciesMeta": {
        "@angular/animations": {
          "optional": true
        }
      }
    },
    "node_modules/balanced-match": {
      "version": "1.0.2",
      "resolved": "https://registry.npmjs.org/balanced-match/-/balanced-match-1.0.2.tgz",
      "integrity": "sha512-3oSeUO0TMV67hN1AmbXsK4yaqU7tjiHlbxRDZOpH0KW9+CeX4bRAaX0Anxt0tx2MrpRpWwQaPwIlISEJhYU5Pw==",
      "dev": true
    },
    "node_modules/brace-expansion": {
      "version": "1.1.11",
      "resolved": "https://registry.npmjs.org/brace-expansion/-/brace-expansion-1.1.11.tgz",
      "integrity": "sha512-iCuPHDFgrHX7H2vEI/5xpz07zSHB00TpugqhmYtVmMO6518mCuRMoOYFldEBl0g187ufozdaHgWKcYFb61qGiA==",
      "dev": true,
      "dependencies": {
        "balanced-match": "^1.0.0",
        "concat-map": "0.0.1"
      }
    },
    "node_modules/concat-map": {
      "version": "0.0.1",
      "resolved": "https://registry.npmjs.org/concat-map/-/concat-map-0.0.1.tgz",
      "integrity": "sha512-/Srv4dswyQNBfohGpz9o6Yb3Gz3SrUDqBH5rTuhGR7ahtlbYKnVxw2bCFMRljaA7EXHaXZ8wsHdodFvbkhKmqg==",
      "dev": true
    },
    "node_modules/minimatch": {
      "version": "3.1.2",
      "resolved": "https://registry.npmjs.org/minimatch/-/minimatch-3.1.2.tgz",
      "integrity": "sha512-J7p63hRiAjw1NDEww1W7i37+ByIrOWO5XQQAzZ3VOcL0PNybwpfmV/N05zFAzwQ9USyEcX6t3UO+K5aqBQOIHw==",
      "dev": true,
      "dependencies": {
        "brace-expansion": "^1.1.7"
      },
      "engines": {
        "node": "*"
      }
    },
    "node_modules/ngx-spec": {
      "version": "2.1.5",
      "resolved": "https://registry.npmjs.org/ngx-spec/-/ngx-spec-2.1.5.tgz",
      "integrity": "sha512-xgrjzAVnbl2a+pQAgsDlcJPKNIhEZnKTmytp/1hAHHl6I/fbXQ5LmAcJy+D/hwLWUjoSSoLLSHLFAvEsrIngTw==",
      "dev": true,
      "dependencies": {
        "minimatch": "^3.0.4"
      }
    },
    "node_modules/parse5": {
      "version": "5.1.1",
      "resolved": "https://registry.npmjs.org/parse5/-/parse5-5.1.1.tgz",
      "integrity": "sha512-ugq4DFI0Ptb+WWjAdOK16+u/nHfiIrcE+sh8kZMaM0WllQKLI9rOUq6c2b7cwPkXdzfQESqvoqK6ug7U/Yyzug==",
      "optional": true,
      "peer": true
    },
    "node_modules/rxjs": {
      "version": "7.5.7",
      "resolved": "https://registry.npmjs.org/rxjs/-/rxjs-7.5.7.tgz",
      "integrity": "sha512-z9MzKh/UcOqB3i20H6rtrlaE/CgjLOvheWK/9ILrbhROGTweAi1BaFsTT9FbwZi5Trr1qNRs+MXkhmR06awzQA==",
      "peer": true,
      "dependencies": {
        "tslib": "^2.1.0"
      }
    },
    "node_modules/tslib": {
      "version": "2.4.1",
      "resolved": "https://registry.npmjs.org/tslib/-/tslib-2.4.1.tgz",
      "integrity": "sha512-tGyy4dAjRIEwI7BzsB0lynWgOpfqjUdq91XXAlIWD2OwKBH7oCl/GZG/HT4BOHrTlPMOASlMQ7veyTqpmRcrNA=="
    },
    "node_modules/zone.js": {
      "version": "0.12.0",
      "resolved": "https://registry.npmjs.org/zone.js/-/zone.js-0.12.0.tgz",
      "integrity": "sha512-XtC+I5dXU14HrzidAKBNMqneIVUykLEAA1x+v4KVrd6AUPWlwYORF8KgsVqvgdHiKZ4BkxxjvYi/ksEixTPR0Q==",
      "peer": true,
      "dependencies": {
        "tslib": "^2.3.0"
      }
    }
  }
}
